
Microsoft Visual Studio Solution File, Format Version 12.00
# Visual Studio 2015
Project("{FAE04EC0-301F-11D3-BF4B-00C04F79EFBC}") = "roller.CSharp.Plugins", "roller.CSharp.Plugins.csproj", "{685948C2-5E97-7EC4-5790-9BD26D6875DE}"
EndProject
Project("{FAE04EC0-301F-11D3-BF4B-00C04F79EFBC}") = "roller.CSharp", "roller.CSharp.csproj", "{74EC9177-7C3B-33A1-1315-7373A9935F29}"
EndProject
Project("{FAE04EC0-301F-11D3-BF4B-00C04F79EFBC}") = "roller.CSharp.Editor", "roller.CSharp.Editor.csproj", "{90FDB262-FE35-D32F-5A85-7B171AE2B028}"
EndProject
Global
	GlobalSection(SolutionConfigurationPlatforms) = preSolution
		Debug|Any CPU = Debug|Any CPU
		Release|Any CPU = Release|Any CPU
	EndGlobalSection
	GlobalSection(ProjectConfigurationPlatforms) = postSolution
		{685948C2-5E97-7EC4-5790-9BD26D6875DE}.Debug|Any CPU.ActiveCfg = Debug|Any CPU
		{685948C2-5E97-7EC4-5790-9BD26D6875DE}.Debug|Any CPU.Build.0 = Debug|Any CPU
		{685948C2-5E97-7EC4-5790-9BD26D6875DE}.Release|Any CPU.ActiveCfg = Release|Any CPU
		{685948C2-5E97-7EC4-5790-9BD26D6875DE}.Release|Any CPU.Build.0 = Release|Any CPU
		{74EC9177-7C3B-33A1-1315-7373A9935F29}.Debug|Any CPU.ActiveCfg = Debug|Any CPU
		{74EC9177-7C3B-33A1-1315-7373A9935F29}.Debug|Any CPU.Build.0 = Debug|Any CPU
		{74EC9177-7C3B-33A1-1315-7373A9935F29}.Release|Any CPU.ActiveCfg = Release|Any CPU
		{74EC9177-7C3B-33A1-1315-7373A9935F29}.Release|Any CPU.Build.0 = Release|Any CPU
		{90FDB262-FE35-D32F-5A85-7B171AE2B028}.Debug|Any CPU.ActiveCfg = Debug|Any CPU
		{90FDB262-FE35-D32F-5A85-7B171AE2B028}.Debug|Any CPU.Build.0 = Debug|Any CPU
		{90FDB262-FE35-D32F-5A85-7B171AE2B028}.Release|Any CPU.ActiveCfg = Release|Any CPU
		{90FDB262-FE35-D32F-5A85-7B171AE2B028}.Release|Any CPU.Build.0 = Release|Any CPU
	EndGlobalSection
	GlobalSection(SolutionProperties) = preSolution
		HideSolutionNode = FALSE
	EndGlobalSection
EndGlobal
